PODS:
  - AKViewController (0.1.0):
    - Masonry (= 1.0.1)
    - MBProgressHUD (= 1.0.0)
  - Masonry (1.0.1)
  - MBProgressHUD (1.0.0)

DEPENDENCIES:
  - AKViewController (from `../`)

EXTERNAL SOURCES:
  AKViewController:
    :path: "../"

SPEC CHECKSUMS:
  AKViewController: 6ecff817fc06280fdfbb84cd81fa1ee7c261ba1f
  Masonry: a1a931a0d08870ed8ae415a2ea5ea68ebcac77df
  MBProgressHUD: 4890f671c94e8a0f3cf959aa731e9de2f036d71a

PODFILE CHECKSUM: 72889bae7e38a5373677ea461c521a9d816d8649

COCOAPODS: 1.0.1
